# tcpdump and libpcap source acceptance and provenance metadata.
SOURCE_VERSION=4.99.4
SOURCE_ARCHIVE=tcpdump-4.99.4.tar.gz
SOURCE_SHA256=0232231bb2f29d6bf2426e70a08a7e0c63a0d59a9b44863b7f5e2357a6e49fea
SOURCE_UPSTREAM_URL=https://www.tcpdump.org/release/tcpdump-4.99.4.tar.gz
SOURCE_LICENSE=BSD-3-Clause
LIBPCAP_VERSION=1.10.4
LIBPCAP_ARCHIVE=libpcap-1.10.4.tar.gz
LIBPCAP_SHA256=ed19a0383fad72e3ad435fd239d7cd80d64916b87269550159d20e47160ebe5f
LIBPCAP_UPSTREAM_URL=https://www.tcpdump.org/release/libpcap-1.10.4.tar.gz
LIBPCAP_LICENSE=BSD-3-Clause
