# GNU Binutils source acceptance and provenance metadata.
SOURCE_VERSION=2.47
SOURCE_ARCHIVE=binutils-2.47.tar.xz
SOURCE_SHA256=154ab23b60070e8f27013c22977f1129425d67d1e8acd6e13010e617811e4cff
SOURCE_UPSTREAM_URL=https://ftp.gnu.org/gnu/binutils/binutils-2.47.tar.xz
SOURCE_LICENSE=GPL-3.0-or-later
SOURCE_AUTHENTICATION=pgp
SOURCE_SIGNATURE=binutils-2.47.tar.xz.sig
SOURCE_SIGNING_KEY=binutils-3A24BC1E8FB409FA9F14371813FCEF89DD9E3C4F.gpg
SOURCE_SIGNER_FINGERPRINT=3A24BC1E8FB409FA9F14371813FCEF89DD9E3C4F
