# rsync source acceptance and provenance metadata.
SOURCE_VERSION=3.4.4
SOURCE_ARCHIVE=rsync-3.4.4.tar.gz
SOURCE_SHA256=bd88cf82fa653da32314fb229136407c5c90f80d1758d8f4b091767877d8fa96
SOURCE_UPSTREAM_URL=https://download.samba.org/pub/rsync/src/rsync-3.4.4.tar.gz
SOURCE_LICENSE=GPL-3.0-or-later
SOURCE_AUTHENTICATION=pgp
SOURCE_SIGNATURE=rsync-3.4.4.tar.gz.asc
SOURCE_SIGNING_KEY=rsync-9FEF112DCE19A0DC7E882CB81BB24997A8535F6F.gpg
SOURCE_SIGNER_FINGERPRINT=9FEF112DCE19A0DC7E882CB81BB24997A8535F6F
