# curl source acceptance and provenance metadata.
SOURCE_VERSION=8.21.0
SOURCE_ARCHIVE=curl-8.21.0.tar.xz
SOURCE_SHA256=aa1b66a70eace83dc624508745646c08ae561de512ab403adffb93ac87fc72e6
SOURCE_UPSTREAM_URL=https://curl.se/download/curl-8.21.0.tar.xz
SOURCE_LICENSE=curl
SOURCE_AUTHENTICATION=pgp
SOURCE_SIGNATURE=curl-8.21.0.tar.xz.asc
SOURCE_SIGNING_KEY=curl-27EDEAF22F3ABCEB50DB9A125CC908FDB71E12C2.gpg
SOURCE_SIGNER_FINGERPRINT=27EDEAF22F3ABCEB50DB9A125CC908FDB71E12C2
