# Dropbear source acceptance and provenance metadata.
SOURCE_VERSION=2026.94
SOURCE_ARCHIVE=dropbear-2026.94.tar.bz2
SOURCE_SHA256=e098034a843699200c8c977a991fff73159735bf795d5f72ef672c41a6b1ae81
SOURCE_UPSTREAM_URL=https://matt.ucc.asn.au/dropbear/releases/dropbear-2026.94.tar.bz2
SOURCE_LICENSE=MIT
SOURCE_AUTHENTICATION=pgp
SOURCE_SIGNATURE=dropbear-2026.94.tar.bz2.asc
SOURCE_SIGNING_KEY=dropbear-F7347EF2EE2E07A267628CA944931494F29C6773.gpg
SOURCE_SIGNER_FINGERPRINT=F7347EF2EE2E07A267628CA944931494F29C6773
