# GDB source acceptance and provenance metadata.
SOURCE_VERSION=17.2
SOURCE_ARCHIVE=gdb-17.2.tar.xz
SOURCE_SHA256=1c036c0d72e4b3d1fb5c94c88632add6f9d76f4d7c4d2ea793c12a9f19a3228c
SOURCE_UPSTREAM_URL=https://ftp.gnu.org/gnu/gdb/gdb-17.2.tar.xz
SOURCE_LICENSE=GPL-3.0-or-later
SOURCE_AUTHENTICATION=pgp
SOURCE_SIGNATURE=gdb-17.2.tar.xz.sig
SOURCE_SIGNING_KEY=gnu-gdb-F40ADB902B24264AA42E50BF92EDB04BFF325CF3.gpg
SOURCE_SIGNER_FINGERPRINT=F40ADB902B24264AA42E50BF92EDB04BFF325CF3
