TARGET_ARCHITECTURE=x86
TARGET_DISPLAY=x86
TARGET_PLATFORM=linux/386
TARGET_BINFMT=386
TARGET_TRIPLET=i586-alpine-linux-musl
TARGET_CFLAGS='-O2 -pipe -march=i686 -msse2 -mfpmath=sse'
EXPECTED_VERSION_OUTPUT=2.47.20260726
EXPECTED_MACHINE='Intel 80386'
EXPECTED_CLASS=ELF32
EXPECTED_DATA='2.s complement, little endian'
